version = 1
revision = 3
requires-python = ">=3.8, <3.11"
resolution-markers = [
    "python_full_version >= '3.10'",
    "python_full_version == '3.9.*'",
    "python_full_version < '3.9'",
]

[[package]]
name = "colorama"
version = "0.4.6"
source = { registry = "https://pypi.org/simple" }
sdist = { url = "https://files.pythonhosted.org/packages/d8/53/6f443c9a4a8358a93a6792e2acffb9d9d5cb0a5cfd8802644b7b1c9a02e4/colorama-0.4.6.tar.gz", hash = "sha256:08695f5cb7ed6e0531a20572697297273c47b8cae5a63ffc6d6ed5c201be6e44", size = 27697, upload-time = "2022-10-25T02:36:22.414Z" }
wheels = [
    { url = "https://files.pythonhosted.org/packages/d1/d6/3965ed04c63042e047cb6a3e6ed1a63a35087b6a609aa3a15ed8ac56c221/colorama-0.4.6-py2.py3-none-any.whl", hash = "sha256:4f1d9991f5acc0ca119f9d443620b77f9d6b33703e51011c16baf57afb285fc6", size = 25335, upload-time = "2022-10-25T02:36:20.889Z" },
]

[[package]]
name = "exceptiongroup"
version = "1.3.1"
source = { registry = "https://pypi.org/simple" }
dependencies = [
    { name = "typing-extensions", version = "4.13.2", source = { registry = "https://pypi.org/simple" }, marker = "python_full_version < '3.9'" },
    { name = "typing-extensions", version = "4.15.0", source = { registry = "https://pypi.org/simple" }, marker = "python_full_version >= '3.9'" },
]
sdist = { url = "https://files.pythonhosted.org/packages/50/79/66800aadf48771f6b62f7eb014e352e5d06856655206165d775e675a02c9/exceptiongroup-1.3.1.tar.gz", hash = "sha256:8b412432c6055b0b7d14c310000ae93352ed6754f70fa8f7c34141f91c4e3219", size = 30371, upload-time = "2025-11-21T23:01:54.787Z" }
wheels = [
    { url = "https://files.pythonhosted.org/packages/8a/0e/97c33bf5009bdbac74fd2beace167cab3f978feb69cc36f1ef79360d6c4e/exceptiongroup-1.3.1-py3-none-any.whl", hash = "sha256:a7a39a3bd276781e98394987d3a5701d0c4edffb633bb7a5144577f82c773598", size = 16740, upload-time = "2025-11-21T23:01:53.443Z" },
]

[[package]]
name = "grpcio"
version = "1.70.0"
source = { registry = "https://pypi.org/simple" }
resolution-markers = [
    "python_full_version < '3.9'",
]
sdist = { url = "https://files.pythonhosted.org/packages/69/e1/4b21b5017c33f3600dcc32b802bb48fe44a4d36d6c066f52650c7c2690fa/grpcio-1.70.0.tar.gz", hash = "sha256:8d1584a68d5922330025881e63a6c1b54cc8117291d382e4fa69339b6d914c56", size = 12788932, upload-time = "2025-01-23T18:00:17.288Z" }
wheels = [
    { url = "https://files.pythonhosted.org/packages/10/e9/f72408bac1f7b05b25e4df569b02d6b200c8e7857193aa9f1df7a3744add/grpcio-1.70.0-cp310-cp310-linux_armv7l.whl", hash = "sha256:95469d1977429f45fe7df441f586521361e235982a0b39e33841549143ae2851", size = 5229736, upload-time = "2025-01-23T17:52:55.697Z" },
    { url = "https://files.pythonhosted.org/packages/b3/17/e65139ea76dac7bcd8a3f17cbd37e3d1a070c44db3098d0be5e14c5bd6a1/grpcio-1.70.0-cp310-cp310-macosx_12_0_universal2.whl", hash = "sha256:ed9718f17fbdb472e33b869c77a16d0b55e166b100ec57b016dc7de9c8d236bf", size = 11432751, upload-time = "2025-01-23T17:52:58.338Z" },
    { url = "https://files.pythonhosted.org/packages/a0/12/42de6082b4ab14a59d30b2fc7786882fdaa75813a4a4f3d4a8c4acd6ed59/grpcio-1.70.0-cp310-cp310-manylinux_2_17_aarch64.whl", hash = "sha256:374d014f29f9dfdb40510b041792e0e2828a1389281eb590df066e1cc2b404e5", size = 5711439, upload-time = "2025-01-23T17:53:21.438Z" },
    { url = "https://files.pythonhosted.org/packages/34/f8/b5a19524d273cbd119274a387bb72d6fbb74578e13927a473bc34369f079/grpcio-1.70.0-cp310-cp310-manylinux_2_17_i686.manylinux2014_i686.whl", hash = "sha256:f2af68a6f5c8f78d56c145161544ad0febbd7479524a59c16b3e25053f39c87f", size = 6330777, upload-time = "2025-01-23T17:53:23.655Z" },
    { url = "https://files.pythonhosted.org/packages/1a/67/3d6c0ad786238aac7fa93b79246fc452978fbfe9e5f86f70da8e8a2797d0/grpcio-1.70.0-cp310-cp310-manylinux_2_17_x86_64.manylinux2014_x86_64.whl", hash = "sha256:ce7df14b2dcd1102a2ec32f621cc9fab6695effef516efbc6b063ad749867295", size = 5944639, upload-time = "2025-01-23T17:53:26.699Z" },
    { url = "https://files.pythonhosted.org/packages/76/0d/d9f7cbc41c2743cf18236a29b6a582f41bd65572a7144d92b80bc1e68479/grpcio-1.70.0-cp310-cp310-musllinux_1_1_i686.whl", hash = "sha256:c78b339869f4dbf89881e0b6fbf376313e4f845a42840a7bdf42ee6caed4b11f", size = 6643543, upload-time = "2025-01-23T17:53:30.758Z" },
    { url = "https://files.pythonhosted.org/packages/fc/24/bdd7e606b3400c14330e33a4698fa3a49e38a28c9e0a831441adbd3380d2/grpcio-1.70.0-cp310-cp310-musllinux_1_1_x86_64.whl", hash = "sha256:58ad9ba575b39edef71f4798fdb5c7b6d02ad36d47949cd381d4392a5c9cbcd3", size = 6199897, upload-time = "2025-01-23T17:53:34.656Z" },
    { url = "https://files.pythonhosted.org/packages/d1/33/8132eb370087960c82d01b89faeb28f3e58f5619ffe19889f57c58a19c18/grpcio-1.70.0-cp310-cp310-win32.whl", hash = "sha256:2b0d02e4b25a5c1f9b6c7745d4fa06efc9fd6a611af0fb38d3ba956786b95199", size = 3617513, upload-time = "2025-01-23T17:53:37.323Z" },
    { url = "https://files.pythonhosted.org/packages/99/bc/0fce5cfc0ca969df66f5dca6cf8d2258abb88146bf9ab89d8cf48e970137/grpcio-1.70.0-cp310-cp310-win_amd64.whl", hash = "sha256:0de706c0a5bb9d841e353f6343a9defc9fc35ec61d6eb6111802f3aa9fef29e1", size = 4303342, upload-time = "2025-01-23T17:53:41.719Z" },
    { url = "https://files.pythonhosted.org/packages/38/5f/d7fe323c18a2ec98a2a9b38fb985f5e843f76990298d7c4ce095f44b46a7/grpcio-1.70.0-cp38-cp38-linux_armv7l.whl", hash = "sha256:8058667a755f97407fca257c844018b80004ae8035565ebc2812cc550110718d", size = 5232027, upload-time = "2025-01-23T17:55:07.597Z" },
    { url = "https://files.pythonhosted.org/packages/d4/4b/3d3b5548575b635f51883212a482cd237e8525535d4591b9dc7e5b2c2ddc/grpcio-1.70.0-cp38-cp38-macosx_10_14_universal2.whl", hash = "sha256:879a61bf52ff8ccacbedf534665bb5478ec8e86ad483e76fe4f729aaef867cab", size = 11448811, upload-time = "2025-01-23T17:55:11.773Z" },
    { url = "https://files.pythonhosted.org/packages/8a/d7/9a0922fc12d339271c7e4e6691470172b7c13715fed7bd934274803f1527/grpcio-1.70.0-cp38-cp38-manylinux_2_17_aarch64.whl", hash = "sha256:0ba0a173f4feacf90ee618fbc1a27956bfd21260cd31ced9bc707ef551ff7dc7", size = 5711890, upload-time = "2025-01-23T17:55:17.167Z" },
    { url = "https://files.pythonhosted.org/packages/1e/ae/d4dbf8bff0f1d270f118d08558bc8dc0489e026d6620a4e3ee2d79d79041/grpcio-1.70.0-cp38-cp38-manylinux_2_17_i686.manylinux2014_i686.whl", hash = "sha256:558c386ecb0148f4f99b1a65160f9d4b790ed3163e8610d11db47838d452512d", size = 6331933, upload-time = "2025-01-23T17:55:19.771Z" },
    { url = "https://files.pythonhosted.org/packages/2c/64/66a74c02b00e00b919c245ca9da8e5c44e8692bf3fe7f27efbc97572566c/grpcio-1.70.0-cp38-cp38-manylinux_2_17_x86_64.manylinux2014_x86_64.whl", hash = "sha256:412faabcc787bbc826f51be261ae5fa996b21263de5368a55dc2cf824dc5090e", size = 5950685, upload-time = "2025-01-23T17:55:22.253Z" },
    { url = "https://files.pythonhosted.org/packages/b0/64/e992ac693118c37164e085676216d258804d7a5bbf3581d3f989c843a9a5/grpcio-1.70.0-cp38-cp38-musllinux_1_1_i686.whl", hash = "sha256:3b0f01f6ed9994d7a0b27eeddea43ceac1b7e6f3f9d86aeec0f0064b8cf50fdb", size = 6640974, upload-time = "2025-01-23T17:55:24.757Z" },
    { url = "https://files.pythonhosted.org/packages/57/17/34d0a6af4477fd48b8b41d13782fb1e35b8841b17d6ac7a3eb24d2f3b17e/grpcio-1.70.0-cp38-cp38-musllinux_1_1_x86_64.whl", hash = "sha256:7385b1cb064734005204bc8994eed7dcb801ed6c2eda283f613ad8c6c75cf873", size = 6204792, upload-time = "2025-01-23T17:55:27Z" },
    { url = "https://files.pythonhosted.org/packages/d3/e5/e45d8eb81929c0becd5bda413b60262f79d862e19cff632d496909aa3bd0/grpcio-1.70.0-cp38-cp38-win32.whl", hash = "sha256:07269ff4940f6fb6710951116a04cd70284da86d0a4368fd5a3b552744511f5a", size = 3620015, upload-time = "2025-01-23T17:55:29.386Z" },
    { url = "https://files.pythonhosted.org/packages/87/7d/36009c38093e62969c708f20b86ab6761c2ba974b12ff10def6f397f24fa/grpcio-1.70.0-cp38-cp38-win_amd64.whl", hash = "sha256:aba19419aef9b254e15011b230a180e26e0f6864c90406fdbc255f01d83bc83c", size = 4307043, upload-time = "2025-01-23T17:55:31.823Z" },
    { url = "https://files.pythonhosted.org/packages/9d/0e/64061c9746a2dd6e07cb0a0f3829f0a431344add77ec36397cc452541ff6/grpcio-1.70.0-cp39-cp39-linux_armv7l.whl", hash = "sha256:4f1937f47c77392ccd555728f564a49128b6a197a05a5cd527b796d36f3387d0", size = 5231123, upload-time = "2025-01-23T17:55:34.09Z" },
    { url = "https://files.pythonhosted.org/packages/72/9f/c93501d5f361aecee0146ab19300d5acb1c2747b00217c641f06fffbcd62/grpcio-1.70.0-cp39-cp39-macosx_10_14_universal2.whl", hash = "sha256:0cd430b9215a15c10b0e7d78f51e8a39d6cf2ea819fd635a7214fae600b1da27", size = 11467217, upload-time = "2025-01-23T17:55:37.042Z" },
    { url = "https://files.pythonhosted.org/packages/0a/1a/980d115b701023450a304881bf3f6309f6fb15787f9b78d2728074f3bf86/grpcio-1.70.0-cp39-cp39-manylinux_2_17_aarch64.whl", hash = "sha256:e27585831aa6b57b9250abaf147003e126cd3a6c6ca0c531a01996f31709bed1", size = 5710913, upload-time = "2025-01-23T17:55:40.998Z" },
    { url = "https://files.pythonhosted.org/packages/a0/84/af420067029808f9790e98143b3dd0f943bebba434a4706755051a520c91/grpcio-1.70.0-cp39-cp39-manylinux_2_17_i686.manylinux2014_i686.whl", hash = "sha256:c1af8e15b0f0fe0eac75195992a63df17579553b0c4af9f8362cc7cc99ccddf4", size = 6330947, upload-time = "2025-01-23T17:55:43.538Z" },
    { url = "https://files.pythonhosted.org/packages/24/1c/e1f06a7d29a1fa5053dcaf5352a50f8e1f04855fd194a65422a9d685d375/grpcio-1.70.0-cp39-cp39-manylinux_2_17_x86_64.manylinux2014_x86_64.whl", hash = "sha256:cbce24409beaee911c574a3d75d12ffb8c3e3dd1b813321b1d7a96bbcac46bf4", size = 5943913, upload-time = "2025-01-23T17:55:45.936Z" },
    { url = "https://files.pythonhosted.org/packages/41/8f/de13838e4467519a50cd0693e98b0b2bcc81d656013c38a1dd7dcb801526/grpcio-1.70.0-cp39-cp39-musllinux_1_1_i686.whl", hash = "sha256:ff4a8112a79464919bb21c18e956c54add43ec9a4850e3949da54f61c241a4a6", size = 6643236, upload-time = "2025-01-23T17:55:48.9Z" },
    { url = "https://files.pythonhosted.org/packages/ac/73/d68c745d34e43a80440da4f3d79fa02c56cb118c2a26ba949f3cfd8316d7/grpcio-1.70.0-cp39-cp39-musllinux_1_1_x86_64.whl", hash = "sha256:5413549fdf0b14046c545e19cfc4eb1e37e9e1ebba0ca390a8d4e9963cab44d2", size = 6199038, upload-time = "2025-01-23T17:55:58.854Z" },
    { url = "https://files.pythonhosted.org/packages/7e/dd/991f100b8c31636b4bb2a941dbbf54dbcc55d69c722cfa038c3d017eaa0c/grpcio-1.70.0-cp39-cp39-win32.whl", hash = "sha256:b745d2c41b27650095e81dea7091668c040457483c9bdb5d0d9de8f8eb25e59f", size = 3617512, upload-time = "2025-01-23T17:56:01.326Z" },
    { url = "https://files.pythonhosted.org/packages/4d/80/1aa2ba791207a13e314067209b48e1a0893ed8d1f43ef012e194aaa6c2de/grpcio-1.70.0-cp39-cp39-win_amd64.whl", hash = "sha256:a31d7e3b529c94e930a117b2175b2efd179d96eb3c7a21ccb0289a8ab05b645c", size = 4303506, upload-time = "2025-01-23T17:56:03.842Z" },
]

[[package]]
name = "grpcio"
version = "1.78.0"
source = { registry = "https://pypi.org/simple" }
resolution-markers = [
    "python_full_version >= '3.10'",
    "python_full_version == '3.9.*'",
]
dependencies = [
    { name = "typing-extensions", version = "4.15.0", source = { registry = "https://pypi.org/simple" }, marker = "python_full_version >= '3.9'" },
]
sdist = { url = "https://files.pythonhosted.org/packages/06/8a/3d098f35c143a89520e568e6539cc098fcd294495910e359889ce8741c84/grpcio-1.78.0.tar.gz", hash = "sha256:7382b95189546f375c174f53a5fa873cef91c4b8005faa05cc5b3beea9c4f1c5", size = 12852416, upload-time = "2026-02-06T09:57:18.093Z" }
wheels = [
    { url = "https://files.pythonhosted.org/packages/5a/a8/690a085b4d1fe066130de97a87de32c45062cf2ecd218df9675add895550/grpcio-1.78.0-cp310-cp310-linux_armv7l.whl", hash = "sha256:7cc47943d524ee0096f973e1081cb8f4f17a4615f2116882a5f1416e4cfe92b5", size = 5946986, upload-time = "2026-02-06T09:54:34.043Z" },
    { url = "https://files.pythonhosted.org/packages/c7/1b/e5213c5c0ced9d2d92778d30529ad5bb2dcfb6c48c4e2d01b1f302d33d64/grpcio-1.78.0-cp310-cp310-macosx_11_0_universal2.whl", hash = "sha256:c3f293fdc675ccba4db5a561048cca627b5e7bd1c8a6973ffedabe7d116e22e2", size = 11816533, upload-time = "2026-02-06T09:54:37.04Z" },
    { url = "https://files.pythonhosted.org/packages/18/37/1ba32dccf0a324cc5ace744c44331e300b000a924bf14840f948c559ede7/grpcio-1.78.0-cp310-cp310-manylinux2014_aarch64.manylinux_2_17_aarch64.whl", hash = "sha256:10a9a644b5dd5aec3b82b5b0b90d41c0fa94c85ef42cb42cf78a23291ddb5e7d", size = 6519964, upload-time = "2026-02-06T09:54:40.268Z" },
    { url = "https://files.pythonhosted.org/packages/ed/f5/c0e178721b818072f2e8b6fde13faaba942406c634009caf065121ce246b/grpcio-1.78.0-cp310-cp310-manylinux2014_i686.manylinux_2_17_i686.whl", hash = "sha256:4c5533d03a6cbd7f56acfc9cfb44ea64f63d29091e40e44010d34178d392d7eb", size = 7198058, upload-time = "2026-02-06T09:54:42.389Z" },
    { url = "https://files.pythonhosted.org/packages/5b/b2/40d43c91ae9cd667edc960135f9f08e58faa1576dc95af29f66ec912985f/grpcio-1.78.0-cp310-cp310-manylinux2014_x86_64.manylinux_2_17_x86_64.whl", hash = "sha256:ff870aebe9a93a85283837801d35cd5f8814fe2ad01e606861a7fb47c762a2b7", size = 6727212, upload-time = "2026-02-06T09:54:44.91Z" },
    { url = "https://files.pythonhosted.org/packages/ed/88/9da42eed498f0efcfcd9156e48ae63c0cde3bea398a16c99fb5198c885b6/grpcio-1.78.0-cp310-cp310-musllinux_1_2_aarch64.whl", hash = "sha256:391e93548644e6b2726f1bb84ed60048d4bcc424ce5e4af0843d28ca0b754fec", size = 7300845, upload-time = "2026-02-06T09:54:47.562Z" },
    { url = "https://files.pythonhosted.org/packages/23/3f/1c66b7b1b19a8828890e37868411a6e6925df5a9030bfa87ab318f34095d/grpcio-1.78.0-cp310-cp310-musllinux_1_2_i686.whl", hash = "sha256:df2c8f3141f7cbd112a6ebbd760290b5849cda01884554f7c67acc14e7b1758a", size = 8284605, upload-time = "2026-02-06T09:54:50.475Z" },
    { url = "https://files.pythonhosted.org/packages/94/c4/ca1bd87394f7b033e88525384b4d1e269e8424ab441ea2fba1a0c5b50986/grpcio-1.78.0-cp310-cp310-musllinux_1_2_x86_64.whl", hash = "sha256:bd8cb8026e5f5b50498a3c4f196f57f9db344dad829ffae16b82e4fdbaea2813", size = 7726672, upload-time = "2026-02-06T09:54:53.11Z" },
    { url = "https://files.pythonhosted.org/packages/41/09/f16e487d4cc65ccaf670f6ebdd1a17566b965c74fc3d93999d3b2821e052/grpcio-1.78.0-cp310-cp310-win32.whl", hash = "sha256:f8dff3d9777e5d2703a962ee5c286c239bf0ba173877cc68dc02c17d042e29de", size = 4076715, upload-time = "2026-02-06T09:54:55.549Z" },
    { url = "https://files.pythonhosted.org/packages/2a/32/4ce60d94e242725fd3bcc5673c04502c82a8e87b21ea411a63992dc39f8f/grpcio-1.78.0-cp310-cp310-win_amd64.whl", hash = "sha256:94f95cf5d532d0e717eed4fc1810e8e6eded04621342ec54c89a7c2f14b581bf", size = 4799157, upload-time = "2026-02-06T09:54:59.838Z" },
    { url = "https://files.pythonhosted.org/packages/58/6c/40a4bba2c753ea8eeb8d776a31e9c54f4e506edf36db93a3db5456725294/grpcio-1.78.0-cp39-cp39-linux_armv7l.whl", hash = "sha256:86f85dd7c947baa707078a236288a289044836d4b640962018ceb9cd1f899af5", size = 5947902, upload-time = "2026-02-06T09:56:48.469Z" },
    { url = "https://files.pythonhosted.org/packages/c0/4c/ed7664a37a7008be41204c77e0d88bbc4ac531bcf0c27668cd066f9ff6e2/grpcio-1.78.0-cp39-cp39-macosx_11_0_universal2.whl", hash = "sha256:de8cb00d1483a412a06394b8303feec5dcb3b55f81d83aa216dbb6a0b86a94f5", size = 11824772, upload-time = "2026-02-06T09:56:51.264Z" },
    { url = "https://files.pythonhosted.org/packages/9a/5b/45a5c23ba3c4a0f51352366d9b25369a2a51163ab1c93482cb8408726617/grpcio-1.78.0-cp39-cp39-manylinux2014_aarch64.manylinux_2_17_aarch64.whl", hash = "sha256:e888474dee2f59ff68130f8a397792d8cb8e17e6b3434339657ba4ee90845a8c", size = 6521579, upload-time = "2026-02-06T09:56:54.967Z" },
    { url = "https://files.pythonhosted.org/packages/9a/e3/392e647d918004231e3d1c780ed125c48939bfc8f845adb8b5820410da3e/grpcio-1.78.0-cp39-cp39-manylinux2014_i686.manylinux_2_17_i686.whl", hash = "sha256:86ce2371bfd7f212cf60d8517e5e854475c2c43ce14aa910e136ace72c6db6c1", size = 7199330, upload-time = "2026-02-06T09:56:57.611Z" },
    { url = "https://files.pythonhosted.org/packages/68/2f/42a52d78bdbdb3f1310ed690a3511cd004740281ca75d300b7bd6d9d3de3/grpcio-1.78.0-cp39-cp39-manylinux2014_x86_64.manylinux_2_17_x86_64.whl", hash = "sha256:b0c689c02947d636bc7fab3e30cc3a3445cca99c834dfb77cd4a6cabfc1c5597", size = 6726696, upload-time = "2026-02-06T09:57:00.357Z" },
    { url = "https://files.pythonhosted.org/packages/0f/83/b3d932a4fbb2dce3056f6df2926fc2d3ddc5d5acbafbec32c84033cf3f23/grpcio-1.78.0-cp39-cp39-musllinux_1_2_aarch64.whl", hash = "sha256:ce7599575eeb25c0f4dc1be59cada6219f3b56176f799627f44088b21381a28a", size = 7299076, upload-time = "2026-02-06T09:57:04.124Z" },
    { url = "https://files.pythonhosted.org/packages/ba/d9/70ea1be55efaf91fd19f7258b1292772a8226cf1b0e237717fba671073cb/grpcio-1.78.0-cp39-cp39-musllinux_1_2_i686.whl", hash = "sha256:684083fd383e9dc04c794adb838d4faea08b291ce81f64ecd08e4577c7398adf", size = 8284493, upload-time = "2026-02-06T09:57:06.746Z" },
    { url = "https://files.pythonhosted.org/packages/d0/2f/3dddccf49e3e75564655b84175fca092d3efd81d2979fc89c4b1c1d879dc/grpcio-1.78.0-cp39-cp39-musllinux_1_2_x86_64.whl", hash = "sha256:ab399ef5e3cd2a721b1038a0f3021001f19c5ab279f145e1146bb0b9f1b2b12c", size = 7724340, upload-time = "2026-02-06T09:57:09.453Z" },
    { url = "https://files.pythonhosted.org/packages/79/ae/dfdb3183141db787a9363078a98764675996a7c2448883153091fd7c8527/grpcio-1.78.0-cp39-cp39-win32.whl", hash = "sha256:f3d6379493e18ad4d39537a82371c5281e153e963cecb13f953ebac155756525", size = 4077641, upload-time = "2026-02-06T09:57:11.881Z" },
    { url = "https://files.pythonhosted.org/packages/aa/aa/694b2f505345cfdd234cffb2525aa379a81695e6c02fd40d7e9193e871c6/grpcio-1.78.0-cp39-cp39-win_amd64.whl", hash = "sha256:5361a0630a7fdb58a6a97638ab70e1dae2893c4d08d7aba64ded28bb9e7a29df", size = 4799428, upload-time = "2026-02-06T09:57:14.493Z" },
]

[[package]]
name = "iniconfig"
version = "2.1.0"
source = { registry = "https://pypi.org/simple" }
resolution-markers = [
    "python_full_version == '3.9.*'",
    "python_full_version < '3.9'",
]
sdist = { url = "https://files.pythonhosted.org/packages/f2/97/ebf4da567aa6827c909642694d71c9fcf53e5b504f2d96afea02718862f3/iniconfig-2.1.0.tar.gz", hash = "sha256:3abbd2e30b36733fee78f9c7f7308f2d0050e88f0087fd25c2645f63c773e1c7", size = 4793, upload-time = "2025-03-19T20:09:59.721Z" }
wheels = [
    { url = "https://files.pythonhosted.org/packages/2c/e1/e6716421ea10d38022b952c159d5161ca1193197fb744506875fbb87ea7b/iniconfig-2.1.0-py3-none-any.whl", hash = "sha256:9deba5723312380e77435581c6bf4935c94cbfab9b1ed33ef8d238ea168eb760", size = 6050, upload-time = "2025-03-19T20:10:01.071Z" },
]

[[package]]
name = "iniconfig"
version = "2.3.0"
source = { registry = "https://pypi.org/simple" }
resolution-markers = [
    "python_full_version >= '3.10'",
]
sdist = { url = "https://files.pythonhosted.org/packages/72/34/14ca021ce8e5dfedc35312d08ba8bf51fdd999c576889fc2c24cb97f4f10/iniconfig-2.3.0.tar.gz", hash = "sha256:c76315c77db068650d49c5b56314774a7804df16fee4402c1f19d6d15d8c4730", size = 20503, upload-time = "2025-10-18T21:55:43.219Z" }
wheels = [
    { url = "https://files.pythonhosted.org/packages/cb/b1/3846dd7f199d53cb17f49cba7e651e9ce294d8497c8c150530ed11865bb8/iniconfig-2.3.0-py3-none-any.whl", hash = "sha256:f631c04d2c48c52b84d0d0549c99ff3859c98df65b3101406327ecc7d53fbf12", size = 7484, upload-time = "2025-10-18T21:55:41.639Z" },
]

[[package]]
name = "packaging"
version = "26.2"
source = { registry = "https://pypi.org/simple" }
sdist = { url = "https://files.pythonhosted.org/packages/d7/f1/e7a6dd94a8d4a5626c03e4e99c87f241ba9e350cd9e6d75123f992427270/packaging-26.2.tar.gz", hash = "sha256:ff452ff5a3e828ce110190feff1178bb1f2ea2281fa2075aadb987c2fb221661", size = 228134, upload-time = "2026-04-24T20:15:23.917Z" }
wheels = [
    { url = "https://files.pythonhosted.org/packages/df/b2/87e62e8c3e2f4b32e5fe99e0b86d576da1312593b39f47d8ceef365e95ed/packaging-26.2-py3-none-any.whl", hash = "sha256:5fc45236b9446107ff2415ce77c807cee2862cb6fac22b8a73826d0693b0980e", size = 100195, upload-time = "2026-04-24T20:15:22.081Z" },
]

[[package]]
name = "pcla-wrapper"
version = "0.2.0"
source = { virtual = "." }
dependencies = [
    { name = "pisa-api" },
]

[package.dev-dependencies]
dev = [
    { name = "pytest", version = "8.3.5", source = { registry = "https://pypi.org/simple" }, marker = "python_full_version < '3.9'" },
    { name = "pytest", version = "8.4.2", source = { registry = "https://pypi.org/simple" }, marker = "python_full_version == '3.9.*'" },
    { name = "pytest", version = "9.0.3", source = { registry = "https://pypi.org/simple" }, marker = "python_full_version >= '3.10'" },
    { name = "ruff" },
]

[package.metadata]
requires-dist = [{ name = "pisa-api", git = "https://github.com/pisa-hut/pisa-api.git" }]

[package.metadata.requires-dev]
dev = [
    { name = "pytest", specifier = ">=8.0" },
    { name = "ruff", specifier = ">=0.6" },
]

[[package]]
name = "pisa-api"
version = "0.3.1"
source = { git = "https://github.com/pisa-hut/pisa-api.git#133e09a02f5f214854485b725abb4c87d6d36907" }
dependencies = [
    { name = "grpcio", version = "1.70.0", source = { registry = "https://pypi.org/simple" }, marker = "python_full_version < '3.9'" },
    { name = "grpcio", version = "1.78.0", source = { registry = "https://pypi.org/simple" }, marker = "python_full_version >= '3.9'" },
    { name = "protobuf", version = "5.29.6", source = { registry = "https://pypi.org/simple" }, marker = "python_full_version < '3.9'" },
    { name = "protobuf", version = "6.33.5", source = { registry = "https://pypi.org/simple" }, marker = "python_full_version >= '3.9'" },
]

[[package]]
name = "pluggy"
version = "1.5.0"
source = { registry = "https://pypi.org/simple" }
resolution-markers = [
    "python_full_version < '3.9'",
]
sdist = { url = "https://files.pythonhosted.org/packages/96/2d/02d4312c973c6050a18b314a5ad0b3210edb65a906f868e31c111dede4a6/pluggy-1.5.0.tar.gz", hash = "sha256:2cffa88e94fdc978c4c574f15f9e59b7f4201d439195c3715ca9e2486f1d0cf1", size = 67955, upload-time = "2024-04-20T21:34:42.531Z" }
wheels = [
    { url = "https://files.pythonhosted.org/packages/88/5f/e351af9a41f866ac3f1fac4ca0613908d9a41741cfcf2228f4ad853b697d/pluggy-1.5.0-py3-none-any.whl", hash = "sha256:44e1ad92c8ca002de6377e165f3e0f1be63266ab4d554740532335b9d75ea669", size = 20556, upload-time = "2024-04-20T21:34:40.434Z" },
]

[[package]]
name = "pluggy"
version = "1.6.0"
source = { registry = "https://pypi.org/simple" }
resolution-markers = [
    "python_full_version >= '3.10'",
    "python_full_version == '3.9.*'",
]
sdist = { url = "https://files.pythonhosted.org/packages/f9/e2/3e91f31a7d2b083fe6ef3fa267035b518369d9511ffab804f839851d2779/pluggy-1.6.0.tar.gz", hash = "sha256:7dcc130b76258d33b90f61b658791dede3486c3e6bfb003ee5c9bfb396dd22f3", size = 69412, upload-time = "2025-05-15T12:30:07.975Z" }
wheels = [
    { url = "https://files.pythonhosted.org/packages/54/20/4d324d65cc6d9205fabedc306948156824eb9f0ee1633355a8f7ec5c66bf/pluggy-1.6.0-py3-none-any.whl", hash = "sha256:e920276dd6813095e9377c0bc5566d94c932c33b27a3e3945d8389c374dd4746", size = 20538, upload-time = "2025-05-15T12:30:06.134Z" },
]

[[package]]
name = "protobuf"
version = "5.29.6"
source = { registry = "https://pypi.org/simple" }
resolution-markers = [
    "python_full_version < '3.9'",
]
sdist = { url = "https://files.pythonhosted.org/packages/7e/57/394a763c103e0edf87f0938dafcd918d53b4c011dfc5c8ae80f3b0452dbb/protobuf-5.29.6.tar.gz", hash = "sha256:da9ee6a5424b6b30fd5e45c5ea663aef540ca95f9ad99d1e887e819cdf9b8723", size = 425623, upload-time = "2026-02-04T22:54:40.584Z" }
wheels = [
    { url = "https://files.pythonhosted.org/packages/d4/88/9ee58ff7863c479d6f8346686d4636dd4c415b0cbeed7a6a7d0617639c2a/protobuf-5.29.6-cp310-abi3-win32.whl", hash = "sha256:62e8a3114992c7c647bce37dcc93647575fc52d50e48de30c6fcb28a6a291eb1", size = 423357, upload-time = "2026-02-04T22:54:25.805Z" },
    { url = "https://files.pythonhosted.org/packages/1c/66/2dc736a4d576847134fb6d80bd995c569b13cdc7b815d669050bf0ce2d2c/protobuf-5.29.6-cp310-abi3-win_amd64.whl", hash = "sha256:7e6ad413275be172f67fdee0f43484b6de5a904cc1c3ea9804cb6fe2ff366eda", size = 435175, upload-time = "2026-02-04T22:54:28.592Z" },
    { url = "https://files.pythonhosted.org/packages/06/db/49b05966fd208ae3f44dcd33837b6243b4915c57561d730a43f881f24dea/protobuf-5.29.6-cp38-abi3-macosx_10_9_universal2.whl", hash = "sha256:b5a169e664b4057183a34bdc424540e86eea47560f3c123a0d64de4e137f9269", size = 418619, upload-time = "2026-02-04T22:54:30.266Z" },
    { url = "https://files.pythonhosted.org/packages/b7/d7/48cbf6b0c3c39761e47a99cb483405f0fde2be22cf00d71ef316ce52b458/protobuf-5.29.6-cp38-abi3-manylinux2014_aarch64.whl", hash = "sha256:a8866b2cff111f0f863c1b3b9e7572dc7eaea23a7fae27f6fc613304046483e6", size = 320284, upload-time = "2026-02-04T22:54:31.782Z" },
    { url = "https://files.pythonhosted.org/packages/e3/dd/cadd6ec43069247d91f6345fa7a0d2858bef6af366dbd7ba8f05d2c77d3b/protobuf-5.29.6-cp38-abi3-manylinux2014_x86_64.whl", hash = "sha256:e3387f44798ac1106af0233c04fb8abf543772ff241169946f698b3a9a3d3ab9", size = 320478, upload-time = "2026-02-04T22:54:32.909Z" },
    { url = "https://files.pythonhosted.org/packages/59/10/45084b81d758f6290579390cbbfdd42610bae27f2facfb3a357aea5e3fc5/protobuf-5.29.6-cp38-cp38-win32.whl", hash = "sha256:36ade6ff88212e91aef4e687a971a11d7d24d6948a66751abc1b3238648f5d05", size = 423297, upload-time = "2026-02-04T22:54:35.053Z" },
    { url = "https://files.pythonhosted.org/packages/7a/fb/8c51a0d8ce92d8bfb6eb05278b806a5fbf574ffd62e68046dc49f3166a20/protobuf-5.29.6-cp38-cp38-win_amd64.whl", hash = "sha256:831e2da16b6cc9d8f1654c041dd594eda43391affd3c03a91bea7f7f6da106d6", size = 435285, upload-time = "2026-02-04T22:54:36.1Z" },
    { url = "https://files.pythonhosted.org/packages/30/a4/ff263f5687815e1a10a9243a3a6463af42ca251224bf4b8fc4c93b9f5b80/protobuf-5.29.6-cp39-cp39-win32.whl", hash = "sha256:cb4c86de9cd8a7f3a256b9744220d87b847371c6b2f10bde87768918ef33ba49", size = 423352, upload-time = "2026-02-04T22:54:37.375Z" },
    { url = "https://files.pythonhosted.org/packages/5c/64/e943206d3b5069050d570a2c53a90631240d99adcc9a91c6ff7b41876f4d/protobuf-5.29.6-cp39-cp39-win_amd64.whl", hash = "sha256:76e07e6567f8baf827137e8d5b8204b6c7b6488bbbff1bf0a72b383f77999c18", size = 435222, upload-time = "2026-02-04T22:54:38.418Z" },
    { url = "https://files.pythonhosted.org/packages/5a/cb/e3065b447186cb70aa65acc70c86baf482d82bf75625bf5a2c4f6919c6a3/protobuf-5.29.6-py3-none-any.whl", hash = "sha256:6b9edb641441b2da9fa8f428760fc136a49cf97a52076010cf22a2ff73438a86", size = 173126, upload-time = "2026-02-04T22:54:39.462Z" },
]

[[package]]
name = "protobuf"
version = "6.33.5"
source = { registry = "https://pypi.org/simple" }
resolution-markers = [
    "python_full_version >= '3.10'",
    "python_full_version == '3.9.*'",
]
sdist = { url = "https://files.pythonhosted.org/packages/ba/25/7c72c307aafc96fa87062aa6291d9f7c94836e43214d43722e86037aac02/protobuf-6.33.5.tar.gz", hash = "sha256:6ddcac2a081f8b7b9642c09406bc6a4290128fce5f471cddd165960bb9119e5c", size = 444465, upload-time = "2026-01-29T21:51:33.494Z" }
wheels = [
    { url = "https://files.pythonhosted.org/packages/b1/79/af92d0a8369732b027e6d6084251dd8e782c685c72da161bd4a2e00fbabb/protobuf-6.33.5-cp310-abi3-win32.whl", hash = "sha256:d71b040839446bac0f4d162e758bea99c8251161dae9d0983a3b88dee345153b", size = 425769, upload-time = "2026-01-29T21:51:21.751Z" },
    { url = "https://files.pythonhosted.org/packages/55/75/bb9bc917d10e9ee13dee8607eb9ab963b7cf8be607c46e7862c748aa2af7/protobuf-6.33.5-cp310-abi3-win_amd64.whl", hash = "sha256:3093804752167bcab3998bec9f1048baae6e29505adaf1afd14a37bddede533c", size = 437118, upload-time = "2026-01-29T21:51:24.022Z" },
    { url = "https://files.pythonhosted.org/packages/a2/6b/e48dfc1191bc5b52950246275bf4089773e91cb5ba3592621723cdddca62/protobuf-6.33.5-cp39-abi3-macosx_10_9_universal2.whl", hash = "sha256:a5cb85982d95d906df1e2210e58f8e4f1e3cdc088e52c921a041f9c9a0386de5", size = 427766, upload-time = "2026-01-29T21:51:25.413Z" },
    { url = "https://files.pythonhosted.org/packages/4e/b1/c79468184310de09d75095ed1314b839eb2f72df71097db9d1404a1b2717/protobuf-6.33.5-cp39-abi3-manylinux2014_aarch64.whl", hash = "sha256:9b71e0281f36f179d00cbcb119cb19dec4d14a81393e5ea220f64b286173e190", size = 324638, upload-time = "2026-01-29T21:51:26.423Z" },
    { url = "https://files.pythonhosted.org/packages/c5/f5/65d838092fd01c44d16037953fd4c2cc851e783de9b8f02b27ec4ffd906f/protobuf-6.33.5-cp39-abi3-manylinux2014_s390x.whl", hash = "sha256:8afa18e1d6d20af15b417e728e9f60f3aa108ee76f23c3b2c07a2c3b546d3afd", size = 339411, upload-time = "2026-01-29T21:51:27.446Z" },
    { url = "https://files.pythonhosted.org/packages/9b/53/a9443aa3ca9ba8724fdfa02dd1887c1bcd8e89556b715cfbacca6b63dbec/protobuf-6.33.5-cp39-abi3-manylinux2014_x86_64.whl", hash = "sha256:cbf16ba3350fb7b889fca858fb215967792dc125b35c7976ca4818bee3521cf0", size = 323465, upload-time = "2026-01-29T21:51:28.925Z" },
    { url = "https://files.pythonhosted.org/packages/08/60/84d5f6dcda9165e4d6a56ac8433c9f40a8906bf2966150b8a0cfde097d78/protobuf-6.33.5-cp39-cp39-win32.whl", hash = "sha256:a3157e62729aafb8df6da2c03aa5c0937c7266c626ce11a278b6eb7963c4e37c", size = 425892, upload-time = "2026-01-29T21:51:30.382Z" },
    { url = "https://files.pythonhosted.org/packages/68/19/33d7dc2dc84439587fa1e21e1c0026c01ad2af0a62f58fd54002a7546307/protobuf-6.33.5-cp39-cp39-win_amd64.whl", hash = "sha256:8f04fa32763dcdb4973d537d6b54e615cc61108c7cb38fe59310c3192d29510a", size = 437137, upload-time = "2026-01-29T21:51:31.456Z" },
    { url = "https://files.pythonhosted.org/packages/57/bf/2086963c69bdac3d7cff1cc7ff79b8ce5ea0bec6797a017e1be338a46248/protobuf-6.33.5-py3-none-any.whl", hash = "sha256:69915a973dd0f60f31a08b8318b73eab2bd6a392c79184b3612226b0a3f8ec02", size = 170687, upload-time = "2026-01-29T21:51:32.557Z" },
]

[[package]]
name = "pygments"
version = "2.20.0"
source = { registry = "https://pypi.org/simple" }
sdist = { url = "https://files.pythonhosted.org/packages/c3/b2/bc9c9196916376152d655522fdcebac55e66de6603a76a02bca1b6414f6c/pygments-2.20.0.tar.gz", hash = "sha256:6757cd03768053ff99f3039c1a36d6c0aa0b263438fcab17520b30a303a82b5f", size = 4955991, upload-time = "2026-03-29T13:29:33.898Z" }
wheels = [
    { url = "https://files.pythonhosted.org/packages/f4/7e/a72dd26f3b0f4f2bf1dd8923c85f7ceb43172af56d63c7383eb62b332364/pygments-2.20.0-py3-none-any.whl", hash = "sha256:81a9e26dd42fd28a23a2d169d86d7ac03b46e2f8b59ed4698fb4785f946d0176", size = 1231151, upload-time = "2026-03-29T13:29:30.038Z" },
]

[[package]]
name = "pytest"
version = "8.3.5"
source = { registry = "https://pypi.org/simple" }
resolution-markers = [
    "python_full_version < '3.9'",
]
dependencies = [
    { name = "colorama", marker = "python_full_version < '3.9' and sys_platform == 'win32'" },
    { name = "exceptiongroup", marker = "python_full_version < '3.9'" },
    { name = "iniconfig", version = "2.1.0", source = { registry = "https://pypi.org/simple" }, marker = "python_full_version < '3.9'" },
    { name = "packaging", marker = "python_full_version < '3.9'" },
    { name = "pluggy", version = "1.5.0", source = { registry = "https://pypi.org/simple" }, marker = "python_full_version < '3.9'" },
    { name = "tomli", marker = "python_full_version < '3.9'" },
]
sdist = { url = "https://files.pythonhosted.org/packages/ae/3c/c9d525a414d506893f0cd8a8d0de7706446213181570cdbd766691164e40/pytest-8.3.5.tar.gz", hash = "sha256:f4efe70cc14e511565ac476b57c279e12a855b11f48f212af1080ef2263d3845", size = 1450891, upload-time = "2025-03-02T12:54:54.503Z" }
wheels = [
    { url = "https://files.pythonhosted.org/packages/30/3d/64ad57c803f1fa1e963a7946b6e0fea4a70df53c1a7fed304586539c2bac/pytest-8.3.5-py3-none-any.whl", hash = "sha256:c69214aa47deac29fad6c2a4f590b9c4a9fdb16a403176fe154b79c0b4d4d820", size = 343634, upload-time = "2025-03-02T12:54:52.069Z" },
]

[[package]]
name = "pytest"
version = "8.4.2"
source = { registry = "https://pypi.org/simple" }
resolution-markers = [
    "python_full_version == '3.9.*'",
]
dependencies = [
    { name = "colorama", marker = "python_full_version == '3.9.*' and sys_platform == 'win32'" },
    { name = "exceptiongroup", marker = "python_full_version == '3.9.*'" },
    { name = "iniconfig", version = "2.1.0", source = { registry = "https://pypi.org/simple" }, marker = "python_full_version == '3.9.*'" },
    { name = "packaging", marker = "python_full_version == '3.9.*'" },
    { name = "pluggy", version = "1.6.0", source = { registry = "https://pypi.org/simple" }, marker = "python_full_version == '3.9.*'" },
    { name = "pygments", marker = "python_full_version == '3.9.*'" },
    { name = "tomli", marker = "python_full_version == '3.9.*'" },
]
sdist = { url = "https://files.pythonhosted.org/packages/a3/5c/00a0e072241553e1a7496d638deababa67c5058571567b92a7eaa258397c/pytest-8.4.2.tar.gz", hash = "sha256:86c0d0b93306b961d58d62a4db4879f27fe25513d4b969df351abdddb3c30e01", size = 1519618, upload-time = "2025-09-04T14:34:22.711Z" }
wheels = [
    { url = "https://files.pythonhosted.org/packages/a8/a4/20da314d277121d6534b3a980b29035dcd51e6744bd79075a6ce8fa4eb8d/pytest-8.4.2-py3-none-any.whl", hash = "sha256:872f880de3fc3a5bdc88a11b39c9710c3497a547cfa9320bc3c5e62fbf272e79", size = 365750, upload-time = "2025-09-04T14:34:20.226Z" },
]

[[package]]
name = "pytest"
version = "9.0.3"
source = { registry = "https://pypi.org/simple" }
resolution-markers = [
    "python_full_version >= '3.10'",
]
dependencies = [
    { name = "colorama", marker = "python_full_version >= '3.10' and sys_platform == 'win32'" },
    { name = "exceptiongroup", marker = "python_full_version >= '3.10'" },
    { name = "iniconfig", version = "2.3.0", source = { registry = "https://pypi.org/simple" }, marker = "python_full_version >= '3.10'" },
    { name = "packaging", marker = "python_full_version >= '3.10'" },
    { name = "pluggy", version = "1.6.0", source = { registry = "https://pypi.org/simple" }, marker = "python_full_version >= '3.10'" },
    { name = "pygments", marker = "python_full_version >= '3.10'" },
    { name = "tomli", marker = "python_full_version >= '3.10'" },
]
sdist = { url = "https://files.pythonhosted.org/packages/7d/0d/549bd94f1a0a402dc8cf64563a117c0f3765662e2e668477624baeec44d5/pytest-9.0.3.tar.gz", hash = "sha256:b86ada508af81d19edeb213c681b1d48246c1a91d304c6c81a427674c17eb91c", size = 1572165, upload-time = "2026-04-07T17:16:18.027Z" }
wheels = [
    { url = "https://files.pythonhosted.org/packages/d4/24/a372aaf5c9b7208e7112038812994107bc65a84cd00e0354a88c2c77a617/pytest-9.0.3-py3-none-any.whl", hash = "sha256:2c5efc453d45394fdd706ade797c0a81091eccd1d6e4bccfcd476e2b8e0ab5d9", size = 375249, upload-time = "2026-04-07T17:16:16.13Z" },
]

[[package]]
name = "ruff"
version = "0.15.16"
source = { registry = "https://pypi.org/simple" }
sdist = { url = "https://files.pythonhosted.org/packages/a6/bd/5f7ec371001337d8fa61701c186ff8b613ecac1651848c5950f4c4d5f2e9/ruff-0.15.16.tar.gz", hash = "sha256:d05e78d38c78caf020b03789e25106c93017db5a0cb6e2819885018c61343b78", size = 4714267, upload-time = "2026-06-04T16:33:09.974Z" }
wheels = [
    { url = "https://files.pythonhosted.org/packages/0c/42/53ef1c3953f157956db9bf7861e3bc50b9b887ce93300aa48cdba8336fe6/ruff-0.15.16-py3-none-linux_armv6l.whl", hash = "sha256:6ac3c0b3969cc6cf6b158c4e2f8f682acb58e7d700d8a44b65ecdc72d66ab0b2", size = 10709025, upload-time = "2026-06-04T16:32:51.935Z" },
    { url = "https://files.pythonhosted.org/packages/93/9a/a79159346f19134a956607754e57d8d128f7a4c00f4ad2f7514d224c172c/ruff-0.15.16-py3-none-macosx_10_12_x86_64.whl", hash = "sha256:197c207ed75ffba54a0dec23db4aa939a27a3053073e085e0042433cbdc58e4a", size = 11063550, upload-time = "2026-06-04T16:32:42.24Z" },
    { url = "https://files.pythonhosted.org/packages/bc/72/3ce2ac000a5299ec238e01f51397b3b653c93b077d9b1bfe8715bb895f20/ruff-0.15.16-py3-none-macosx_11_0_arm64.whl", hash = "sha256:3a39fec45ab316cc23e7558f23fea4a70403ddb5648ea9a4a3854a16973d0071", size = 10421345, upload-time = "2026-06-04T16:32:37.251Z" },
    { url = "https://files.pythonhosted.org/packages/b0/c2/cc7fad3ec9169373f5b6a18f1917b91080feec40c3f9658334a1d28e2f03/ruff-0.15.16-py3-none-manylinux_2_17_aarch64.manylinux2014_aarch64.whl", hash = "sha256:ba93191d79003116b95128c9d306e045200fdbd0bccb782b110f3cd1d4abc5cf", size = 10757217, upload-time = "2026-06-04T16:32:54.722Z" },
    { url = "https://files.pythonhosted.org/packages/69/d2/3474009eaa0a65b31fa7152a2fad5e2f050c640ceb1e6b02ee6922e94c82/ruff-0.15.16-py3-none-manylinux_2_17_armv7l.manylinux2014_armv7l.whl", hash = "sha256:c6ee4b90520630120ef032aa5cc10db483852dff950e78b1d717e2993a61ac8d", size = 10507035, upload-time = "2026-06-04T16:33:05.343Z" },
    { url = "https://files.pythonhosted.org/packages/ca/81/b7ae6ccbd11f0c8dc3d5d67fc4be9b57ff57ca86ba56152021378e1277f2/ruff-0.15.16-py3-none-manylinux_2_17_i686.manylinux2014_i686.whl", hash = "sha256:4e4215bc938bc3c8215c1472c1aa437e310fee20cd427335fec9d7e609563628", size = 11255291, upload-time = "2026-06-04T16:32:49.49Z" },
    { url = "https://files.pythonhosted.org/packages/d9/e1/46e526f1a7cc90857ce6ddf25fbb77eb6568651ac38d71b033af07076dd5/ruff-0.15.16-py3-none-manylinux_2_17_ppc64le.manylinux2014_ppc64le.whl", hash = "sha256:7c8d26be963b090f10e29abc8b3e74a2a321f6fa34e02424e30b5af89350ecbb", size = 12124922, upload-time = "2026-06-04T16:33:07.821Z" },
    { url = "https://files.pythonhosted.org/packages/1a/da/5c791b088b596b24d0deb967fa28ae02ad751a140c0b9ea81c5ab915d6c0/ruff-0.15.16-py3-none-manylinux_2_17_s390x.manylinux2014_s390x.whl", hash = "sha256:f198cf4123602a2280ed46c307bcbafe41758d6fee5b456b6b6058ca1514b3b4", size = 11332186, upload-time = "2026-06-04T16:33:02.971Z" },
    { url = "https://files.pythonhosted.org/packages/72/11/5da87abe20047c8962361473923ebb2f62b595250126aadfad8c20649c1e/ruff-0.15.16-py3-none-manylinux_2_17_x86_64.manylinux2014_x86_64.whl", hash = "sha256:bb27515fa6240fb586ae82b901a59e67d24acff86f2190b433dc542fe0435aeb", size = 11373541, upload-time = "2026-06-04T16:32:47.007Z" },
    { url = "https://files.pythonhosted.org/packages/fe/2a/8554754c23a854ae3fd6b507e36ad61ddb121e298c6d5d617dec94ed0f14/ruff-0.15.16-py3-none-manylinux_2_31_riscv64.whl", hash = "sha256:a267c46ba1593fc26b8eecbea050b39d40c0b6bb7781ee11c90a02cd10032951", size = 11353014, upload-time = "2026-06-04T16:32:34.795Z" },
    { url = "https://files.pythonhosted.org/packages/62/25/62ea41529ec89f742ea3fed9cb1059c72877ec7cf9b9e99ac9cf3294d1d9/ruff-0.15.16-py3-none-musllinux_1_2_aarch64.whl", hash = "sha256:528c68f39a91498a8d50e91ff5985df3d105782bab49cc378e73ac26bff083e8", size = 10737467, upload-time = "2026-06-04T16:32:26.348Z" },
    { url = "https://files.pythonhosted.org/packages/90/17/334d3ad9de4d40f9dd58fdd09e35ce64553bb501e2f19a839e2fb6be14fc/ruff-0.15.16-py3-none-musllinux_1_2_armv7l.whl", hash = "sha256:7ed55c58950df60589a9a7a5d2f8fa5f54ebd287163be805adfe6ee95a9de123", size = 10521910, upload-time = "2026-06-04T16:32:32.54Z" },
    { url = "https://files.pythonhosted.org/packages/4d/bd/3ac7c6ae77a885c1004b3dda2446ea401768d24f851c14b4ad4b24f6639c/ruff-0.15.16-py3-none-musllinux_1_2_i686.whl", hash = "sha256:d482feaf51512b50f9790ceb417a56a61dd1e9d9bf967662b9ed27c01b34f53a", size = 10979190, upload-time = "2026-06-04T16:32:57.492Z" },
    { url = "https://files.pythonhosted.org/packages/33/d7/609546e6a413c3f216fbf2a50c928f97c80939154f6a0503114094a86191/ruff-0.15.16-py3-none-musllinux_1_2_x86_64.whl", hash = "sha256:1e15bc8c94513dae2a40cc9ef07c94fdd4ecc9e29dabebeebe170f952322c9e3", size = 11477014, upload-time = "2026-06-04T16:32:44.687Z" },
    { url = "https://files.pythonhosted.org/packages/74/0d/f2cd247ad32633a5c36e97141a2c21b11c6279f7957bc2ff360b1e08fddd/ruff-0.15.16-py3-none-win32.whl", hash = "sha256:580378f7bd4aa25f72e74aa54948a9622f142b1e509521dd10902e886681cc1e", size = 10735541, upload-time = "2026-06-04T16:32:30.145Z" },
    { url = "https://files.pythonhosted.org/packages/8b/9e/02e845ef151b1dee585e55c4739f8e1734ae1d9f1221dff65761c162208b/ruff-0.15.16-py3-none-win_amd64.whl", hash = "sha256:408256017284eddf98fff77b29aa4fb30f586042d535b2d9befc6512f400aaec", size = 11843403, upload-time = "2026-06-04T16:32:39.76Z" },
    { url = "https://files.pythonhosted.org/packages/15/19/016553f86f207450aebebc2b2b5088d086b901cc8186c02ac4284db3bd88/ruff-0.15.16-py3-none-win_arm64.whl", hash = "sha256:8cd61783afb39638a7133ef0d2dfb1e91277593962f81b5a8423eb0b888a6121", size = 11134555, upload-time = "2026-06-04T16:33:00.136Z" },
]

[[package]]
name = "tomli"
version = "2.4.1"
source = { registry = "https://pypi.org/simple" }
sdist = { url = "https://files.pythonhosted.org/packages/22/de/48c59722572767841493b26183a0d1cc411d54fd759c5607c4590b6563a6/tomli-2.4.1.tar.gz", hash = "sha256:7c7e1a961a0b2f2472c1ac5b69affa0ae1132c39adcb67aba98568702b9cc23f", size = 17543, upload-time = "2026-03-25T20:22:03.828Z" }
wheels = [
    { url = "https://files.pythonhosted.org/packages/7b/61/cceae43728b7de99d9b847560c262873a1f6c98202171fd5ed62640b494b/tomli-2.4.1-py3-none-any.whl", hash = "sha256:0d85819802132122da43cb86656f8d1f8c6587d54ae7dcaf30e90533028b49fe", size = 14583, upload-time = "2026-03-25T20:22:03.012Z" },
]

[[package]]
name = "typing-extensions"
version = "4.13.2"
source = { registry = "https://pypi.org/simple" }
resolution-markers = [
    "python_full_version < '3.9'",
]
sdist = { url = "https://files.pythonhosted.org/packages/f6/37/23083fcd6e35492953e8d2aaaa68b860eb422b34627b13f2ce3eb6106061/typing_extensions-4.13.2.tar.gz", hash = "sha256:e6c81219bd689f51865d9e372991c540bda33a0379d5573cddb9a3a23f7caaef", size = 106967, upload-time = "2025-04-10T14:19:05.416Z" }
wheels = [
    { url = "https://files.pythonhosted.org/packages/8b/54/b1ae86c0973cc6f0210b53d508ca3641fb6d0c56823f288d108bc7ab3cc8/typing_extensions-4.13.2-py3-none-any.whl", hash = "sha256:a439e7c04b49fec3e5d3e2beaa21755cadbbdc391694e28ccdd36ca4a1408f8c", size = 45806, upload-time = "2025-04-10T14:19:03.967Z" },
]

[[package]]
name = "typing-extensions"
version = "4.15.0"
source = { registry = "https://pypi.org/simple" }
resolution-markers = [
    "python_full_version >= '3.10'",
    "python_full_version == '3.9.*'",
]
sdist = { url = "https://files.pythonhosted.org/packages/72/94/1a15dd82efb362ac84269196e94cf00f187f7ed21c242792a923cdb1c61f/typing_extensions-4.15.0.tar.gz", hash = "sha256:0cea48d173cc12fa28ecabc3b837ea3cf6f38c6d1136f85cbaaf598984861466", size = 109391, upload-time = "2025-08-25T13:49:26.313Z" }
wheels = [
    { url = "https://files.pythonhosted.org/packages/18/67/36e9267722cc04a6b9f15c7f3441c2363321a3ea07da7ae0c0707beb2a9c/typing_extensions-4.15.0-py3-none-any.whl", hash = "sha256:f0fa19c6845758ab08074a0cfa8b7aecb71c999ca73d62883bc25cc018c4e548", size = 44614, upload-time = "2025-08-25T13:49:24.86Z" },
]
